Microsoft Visual Studio Solution File, Format Version 12.00
# Visual Studio Version 17
VisualStudioVersion = 17.5.2.0
MinimumVisualStudioVersion = 10.0.40219.1
Project("{FAE04EC0-301F-11D3-BF4B-00C04F79EFBC}") = "Argon2-Dotnet-Benchmark", "Argon2-Dotnet-Benchmark.csproj", "{A8CE1289-1841-26CD-0C61-2B7904E66D13}"
EndProject
Global
	GlobalSection(SolutionConfigurationPlatforms) = preSolution
		Debug|Any CPU = Debug|Any CPU
		Release|Any CPU = Release|Any CPU
	EndGlobalSection
	GlobalSection(ProjectConfigurationPlatforms) = postSolution
		{A8CE1289-1841-26CD-0C61-2B7904E66D13}.Debug|Any CPU.ActiveCfg = Debug|Any CPU
		{A8CE1289-1841-26CD-0C61-2B7904E66D13}.Debug|Any CPU.Build.0 = Debug|Any CPU
		{A8CE1289-1841-26CD-0C61-2B7904E66D13}.Release|Any CPU.ActiveCfg = Release|Any CPU
		{A8CE1289-1841-26CD-0C61-2B7904E66D13}.Release|Any CPU.Build.0 = Release|Any CPU
	EndGlobalSection
	GlobalSection(SolutionProperties) = preSolution
		HideSolutionNode = FALSE
	EndGlobalSection
	GlobalSection(ExtensibilityGlobals) = postSolution
		SolutionGuid = {7F609309-DC1F-4F27-AE29-1C8F44742470}
	EndGlobalSection
EndGlobal
